<?xml version="1.0" encoding="utf-8"?>
<Project ToolsVersion="4.0" xmlns="http://schemas.microsoft.com/developer/msbuild/2003">
  <ItemGroup>
    <Filter Include="Resource Files">
      <UniqueIdentifier>{67DA6AB6-F800-4c08-8B7A-83BB121AAD01}</UniqueIdentifier>
      <Extensions>rc;ico;cur;bmp;dlg;rc2;rct;bin;rgs;gif;jpg;jpeg;jpe;resx;tiff;tif;png;wav;mfcribbon-ms</Extensions>
    </Filter>
    <Filter Include="source">
      <UniqueIdentifier>{c46d96c8-9aa4-4aa3-89c7-a33e56585937}</UniqueIdentifier>
    </Filter>
    <Filter Include="source\ai">
      <UniqueIdentifier>{1a944f64-cc52-4677-8512-ece5f5a9fa31}</UniqueIdentifier>
    </Filter>
    <Filter Include="source\assets">
      <UniqueIdentifier>{71fa3c2d-0e29-404d-800c-ef417881d68e}</UniqueIdentifier>
    </Filter>
    <Filter Include="source\dungeon">
      <UniqueIdentifier>{f2b87ac1-3a77-4e76-87fb-be5633ed45c2}</UniqueIdentifier>
    </Filter>
    <Filter Include="source\items">
      <UniqueIdentifier>{840f53cf-cb0f-48fa-a1ff-a36e3ba89cbd}</UniqueIdentifier>
    </Filter>
    <Filter Include="source\math">
      <UniqueIdentifier>{7474f1ba-060d-4dd8-bf76-b83143e23927}</UniqueIdentifier>
    </Filter>
    <Filter Include="source\physics">
      <UniqueIdentifier>{62fdea71-471c-4162-9d2e-27f8da2d9ade}</UniqueIdentifier>
    </Filter>
    <Filter Include="source\player">
      <UniqueIdentifier>{f54cd544-1682-4e66-a22c-19e54b49437f}</UniqueIdentifier>
    </Filter>
    <Filter Include="source\vendor">
      <UniqueIdentifier>{b22c3194-80e3-4c01-bbc2-762fc7b11047}</UniqueIdentifier>
    </Filter>
    <Filter Include="source\world">
      <UniqueIdentifier>{34444e98-fbb2-4a0e-a1a7-ea365ea979e3}</UniqueIdentifier>
    </Filter>
    <Filter Include="source\vendor\GL">
      <UniqueIdentifier>{985b1389-f0b5-4207-965f-d69f9db27c95}</UniqueIdentifier>
    </Filter>
    <Filter Include="source\game">
      <UniqueIdentifier>{49c75298-255e-4bc7-a9f1-4647578f6e47}</UniqueIdentifier>
    </Filter>
  </ItemGroup>
  <ItemGroup>
    <None Include="resource\longshot.ico">
      <Filter>Resource Files</Filter>
    </None>
    <None Include="..\source\physics\phys_entity_types.hack">
      <Filter>source\physics</Filter>
    </None>
  </ItemGroup>
  <ItemGroup>
    <ResourceCompile Include="resource\longshot.rc">
      <Filter>Resource Files</Filter>
    </ResourceCompile>
  </ItemGroup>
  <ItemGroup>
    <ClCompile Include="..\source\main.cpp">
      <Filter>source</Filter>
    </ClCompile>
    <ClCompile Include="..\source\ai\AiEntity.cpp">
      <Filter>source\ai</Filter>
    </ClCompile>
    <ClCompile Include="..\source\ai\AiManager.cpp">
      <Filter>source\ai</Filter>
    </ClCompile>
    <ClCompile Include="..\source\ai\AiSpecies.cpp">
      <Filter>source\ai</Filter>
    </ClCompile>
    <ClCompile Include="..\source\ai\AiStateMachine.cpp">
      <Filter>source\ai</Filter>
    </ClCompile>
    <ClCompile Include="..\source\ai\AiView.cpp">
      <Filter>source\ai</Filter>
    </ClCompile>
    <ClCompile Include="..\source\assets\Animation.cpp">
      <Filter>source\assets</Filter>
    </ClCompile>
    <ClCompile Include="..\source\assets\AssetManager.cpp">
      <Filter>source\assets</Filter>
    </ClCompile>
    <ClCompile Include="..\source\assets\BitmapModel.cpp">
      <Filter>source\assets</Filter>
    </ClCompile>
    <ClCompile Include="..\source\assets\GlBitmapFont.cpp">
      <Filter>source\assets</Filter>
    </ClCompile>
    <ClCompile Include="..\source\assets\ObjectLoader.cpp">
      <Filter>source\assets</Filter>
    </ClCompile>
    <ClCompile Include="..\source\assets\SoundSystem.cpp">
      <Filter>source\assets</Filter>
    </ClCompile>
    <ClCompile Include="..\source\assets\SpriteBatcher.cpp">
      <Filter>source\assets</Filter>
    </ClCompile>
    <ClCompile Include="..\source\assets\Texture.cpp">
      <Filter>source\assets</Filter>
    </ClCompile>
    <ClCompile Include="..\source\assets\TextureRegion.cpp">
      <Filter>source\assets</Filter>
    </ClCompile>
    <ClCompile Include="..\source\assets\XmlParser.cpp">
      <Filter>source\assets</Filter>
    </ClCompile>
    <ClCompile Include="..\source\dungeon\BigRoomDungeon.cpp">
      <Filter>source\dungeon</Filter>
    </ClCompile>
    <ClCompile Include="..\source\dungeon\DungeonFeature.cpp">
      <Filter>source\dungeon</Filter>
    </ClCompile>
    <ClCompile Include="..\source\dungeon\DungeonModel.cpp">
      <Filter>source\dungeon</Filter>
    </ClCompile>
    <ClCompile Include="..\source\dungeon\DungeonTile.cpp">
      <Filter>source\dungeon</Filter>
    </ClCompile>
    <ClCompile Include="..\source\dungeon\DungeonUtil.cpp">
      <Filter>source\dungeon</Filter>
    </ClCompile>
    <ClCompile Include="..\source\dungeon\FeatureGenerator.cpp">
      <Filter>source\dungeon</Filter>
    </ClCompile>
    <ClCompile Include="..\source\dungeon\FeatureUtil.cpp">
      <Filter>source\dungeon</Filter>
    </ClCompile>
    <ClCompile Include="..\source\dungeon\MoleculeDungeon.cpp">
      <Filter>source\dungeon</Filter>
    </ClCompile>
    <ClCompile Include="..\source\dungeon\RogueMap.cpp">
      <Filter>source\dungeon</Filter>
    </ClCompile>
    <ClCompile Include="..\source\dungeon\RogueMapViewer.cpp">
      <Filter>source\dungeon</Filter>
    </ClCompile>
    <ClCompile Include="..\source\dungeon\SnakeDungeon.cpp">
      <Filter>source\dungeon</Filter>
    </ClCompile>
    <ClCompile Include="..\source\items\Inventory.cpp">
      <Filter>source\items</Filter>
    </ClCompile>
    <ClCompile Include="..\source\items\ItemManager.cpp">
      <Filter>source\items</Filter>
    </ClCompile>
    <ClCompile Include="..\source\items\MerchantView.cpp">
      <Filter>source\items</Filter>
    </ClCompile>
    <ClCompile Include="..\source\math\BoundingBox.cpp">
      <Filter>source\math</Filter>
    </ClCompile>
    <ClCompile Include="..\source\math\BoundingSphere.cpp">
      <Filter>source\math</Filter>
    </ClCompile>
    <ClCompile Include="..\source\math\MathUtil.cpp">
      <Filter>source\math</Filter>
    </ClCompile>
    <ClCompile Include="..\source\math\Periodics.cpp">
      <Filter>source\math</Filter>
    </ClCompile>
    <ClCompile Include="..\source\math\Plane3d.cpp">
      <Filter>source\math</Filter>
    </ClCompile>
    <ClCompile Include="..\source\math\PseudoRandom.cpp">
      <Filter>source\math</Filter>
    </ClCompile>
    <ClCompile Include="..\source\math\Rectangle2d.cpp">
      <Filter>source\math</Filter>
    </ClCompile>
    <ClCompile Include="..\source\math\RtsCam.cpp">
      <Filter>source\math</Filter>
    </ClCompile>
    <ClCompile Include="..\source\math\Simplex.cpp">
      <Filter>source\math</Filter>
    </ClCompile>
    <ClCompile Include="..\source\math\v2d.cpp">
      <Filter>source\math</Filter>
    </ClCompile>
    <ClCompile Include="..\source\math\v3d.cpp">
      <Filter>source\math</Filter>
    </ClCompile>
    <ClCompile Include="..\source\world\BiomeMap.cpp">
      <Filter>source\world</Filter>
    </ClCompile>
    <ClCompile Include="..\source\world\BlockTypeData.cpp">
      <Filter>source\world</Filter>
    </ClCompile>
    <ClCompile Include="..\source\world\CloudSim.cpp">
      <Filter>source\world</Filter>
    </ClCompile>
    <ClCompile Include="..\source\world\Galaxy.cpp">
      <Filter>source\world</Filter>
    </ClCompile>
    <ClCompile Include="..\source\world\GalaxyMap.cpp">
      <Filter>source\world</Filter>
    </ClCompile>
    <ClCompile Include="..\source\world\InactiveColumnManager.cpp">
      <Filter>source\world</Filter>
    </ClCompile>
    <ClCompile Include="..\source\world\LightManager.cpp">
      <Filter>source\world</Filter>
    </ClCompile>
    <ClCompile Include="..\source\world\LightSource.cpp">
      <Filter>source\world</Filter>
    </ClCompile>
    <ClCompile Include="..\source\world\Location.cpp">
      <Filter>source\world</Filter>
    </ClCompile>
    <ClCompile Include="..\source\world\OrbitSky.cpp">
      <Filter>source\world</Filter>
    </ClCompile>
    <ClCompile Include="..\source\world\OverdrawManager.cpp">
      <Filter>source\world</Filter>
    </ClCompile>
    <ClCompile Include="..\source\world\Planet.cpp">
      <Filter>source\world</Filter>
    </ClCompile>
    <ClCompile Include="..\source\world\PlanetMap.cpp">
      <Filter>source\world</Filter>
    </ClCompile>
    <ClCompile Include="..\source\world\RogueViewer.cpp">
      <Filter>source\world</Filter>
    </ClCompile>
    <ClCompile Include="..\source\world\SkySim.cpp">
      <Filter>source\world</Filter>
    </ClCompile>
    <ClCompile Include="..\source\world\StarShip.cpp">
      <Filter>source\world</Filter>
    </ClCompile>
    <ClCompile Include="..\source\world\StarSystem.cpp">
      <Filter>source\world</Filter>
    </ClCompile>
    <ClCompile Include="..\source\world\Terrain.cpp">
      <Filter>source\world</Filter>
    </ClCompile>
    <ClCompile Include="..\source\world\World.cpp">
      <Filter>source\world</Filter>
    </ClCompile>
    <ClCompile Include="..\source\world\WorldChunk.cpp">
      <Filter>source\world</Filter>
    </ClCompile>
    <ClCompile Include="..\source\world\WorldColumn.cpp">
      <Filter>source\world</Filter>
    </ClCompile>
    <ClCompile Include="..\source\world\WorldLight.cpp">
      <Filter>source\world</Filter>
    </ClCompile>
    <ClCompile Include="..\source\world\WorldLighting.cpp">
      <Filter>source\world</Filter>
    </ClCompile>
    <ClCompile Include="..\source\world\WorldMap.cpp">
      <Filter>source\world</Filter>
    </ClCompile>
    <ClCompile Include="..\source\world\WorldMapView.cpp">
      <Filter>source\world</Filter>
    </ClCompile>
    <ClCompile Include="..\source\world\WorldUtil.cpp">
      <Filter>source\world</Filter>
    </ClCompile>
    <ClCompile Include="..\source\player\HeadBobble.cpp">
      <Filter>source\player</Filter>
    </ClCompile>
    <ClCompile Include="..\source\player\Player.cpp">
      <Filter>source\player</Filter>
    </ClCompile>
    <ClCompile Include="..\source\player\PlayerView.cpp">
      <Filter>source\player</Filter>
    </ClCompile>
    <ClCompile Include="..\source\physics\InactiveList.cpp">
      <Filter>source\physics</Filter>
    </ClCompile>
    <ClCompile Include="..\source\physics\Physics.cpp">
      <Filter>source\physics</Filter>
    </ClCompile>
    <ClCompile Include="..\source\physics\PhysicsView.cpp">
      <Filter>source\physics</Filter>
    </ClCompile>
    <ClCompile Include="..\source\game\Constants.cpp">
      <Filter>source\game</Filter>
    </ClCompile>
    <ClCompile Include="..\source\game\FileSystem.cpp">
      <Filter>source\game</Filter>
    </ClCompile>
    <ClCompile Include="..\source\game\Game.cpp">
      <Filter>source\game</Filter>
    </ClCompile>
    <ClCompile Include="..\source\game\GameInput.cpp">
      <Filter>source\game</Filter>
    </ClCompile>
    <ClCompile Include="..\source\game\GameMenu.cpp">
      <Filter>source\game</Filter>
    </ClCompile>
    <ClCompile Include="..\source\game\GameModel.cpp">
      <Filter>source\game</Filter>
    </ClCompile>
    <ClCompile Include="..\source\game\GameWindow.cpp">
      <Filter>source\game</Filter>
    </ClCompile>
    <ClCompile Include="..\source\game\LoadScreen.cpp">
      <Filter>source\game</Filter>
    </ClCompile>
    <ClCompile Include="..\source\game\Longshot.cpp">
      <Filter>source\game</Filter>
    </ClCompile>
    <ClCompile Include="..\source\math\GlCamera.cpp">
      <Filter>source\math</Filter>
    </ClCompile>
    <ClCompile Include="..\source\game\MessageBus.cpp">
      <Filter>source\game</Filter>
    </ClCompile>
    <ClCompile Include="..\source\player\PlayerController.cpp">
      <Filter>source\player</Filter>
    </ClCompile>
    <ClCompile Include="..\source\player\HudView.cpp">
      <Filter>source\player</Filter>
    </ClCompile>
    <ClCompile Include="..\source\player\CharacterSheetView.cpp">
      <Filter>source\player</Filter>
    </ClCompile>
    <ClCompile Include="..\source\game\GameView.cpp">
      <Filter>source\game</Filter>
    </ClCompile>
    <ClCompile Include="..\source\items\ItemContainer.cpp">
      <Filter>source\items</Filter>
    </ClCompile>
  </ItemGroup>
  <ItemGroup>
    <ClInclude Include="..\source\ai\AiEntity.h">
      <Filter>source\ai</Filter>
    </ClInclude>
    <ClInclude Include="..\source\ai\AiManager.h">
      <Filter>source\ai</Filter>
    </ClInclude>
    <ClInclude Include="..\source\ai\AiSpecies.h">
      <Filter>source\ai</Filter>
    </ClInclude>
    <ClInclude Include="..\source\ai\AiStateMachine.h">
      <Filter>source\ai</Filter>
    </ClInclude>
    <ClInclude Include="..\source\ai\AiView.h">
      <Filter>source\ai</Filter>
    </ClInclude>
    <ClInclude Include="..\source\assets\Animation.h">
      <Filter>source\assets</Filter>
    </ClInclude>
    <ClInclude Include="..\source\assets\AssetManager.h">
      <Filter>source\assets</Filter>
    </ClInclude>
    <ClInclude Include="..\source\assets\BitmapModel.h">
      <Filter>source\assets</Filter>
    </ClInclude>
    <ClInclude Include="..\source\assets\GlBitmapFont.h">
      <Filter>source\assets</Filter>
    </ClInclude>
    <ClInclude Include="..\source\assets\ObjectLoader.h">
      <Filter>source\assets</Filter>
    </ClInclude>
    <ClInclude Include="..\source\assets\SoundSystem.h">
      <Filter>source\assets</Filter>
    </ClInclude>
    <ClInclude Include="..\source\assets\SpriteBatcher.h">
      <Filter>source\assets</Filter>
    </ClInclude>
    <ClInclude Include="..\source\assets\Texture.h">
      <Filter>source\assets</Filter>
    </ClInclude>
    <ClInclude Include="..\source\assets\TextureRegion.h">
      <Filter>source\assets</Filter>
    </ClInclude>
    <ClInclude Include="..\source\assets\XmlParser.h">
      <Filter>source\assets</Filter>
    </ClInclude>
    <ClInclude Include="..\source\dungeon\BigRoomDungeon.h">
      <Filter>source\dungeon</Filter>
    </ClInclude>
    <ClInclude Include="..\source\dungeon\DungeonFeature.h">
      <Filter>source\dungeon</Filter>
    </ClInclude>
    <ClInclude Include="..\source\dungeon\DungeonModel.h">
      <Filter>source\dungeon</Filter>
    </ClInclude>
    <ClInclude Include="..\source\dungeon\DungeonTile.h">
      <Filter>source\dungeon</Filter>
    </ClInclude>
    <ClInclude Include="..\source\dungeon\DungeonUtil.h">
      <Filter>source\dungeon</Filter>
    </ClInclude>
    <ClInclude Include="..\source\dungeon\FeatureGenerator.h">
      <Filter>source\dungeon</Filter>
    </ClInclude>
    <ClInclude Include="..\source\dungeon\FeatureUtil.h">
      <Filter>source\dungeon</Filter>
    </ClInclude>
    <ClInclude Include="..\source\dungeon\MoleculeDungeon.h">
      <Filter>source\dungeon</Filter>
    </ClInclude>
    <ClInclude Include="..\source\dungeon\RogueMap.h">
      <Filter>source\dungeon</Filter>
    </ClInclude>
    <ClInclude Include="..\source\dungeon\RogueMapViewer.h">
      <Filter>source\dungeon</Filter>
    </ClInclude>
    <ClInclude Include="..\source\dungeon\SnakeDungeon.h">
      <Filter>source\dungeon</Filter>
    </ClInclude>
    <ClInclude Include="..\source\items\Inventory.h">
      <Filter>source\items</Filter>
    </ClInclude>
    <ClInclude Include="..\source\items\ItemManager.h">
      <Filter>source\items</Filter>
    </ClInclude>
    <ClInclude Include="..\source\items\MerchantView.h">
      <Filter>source\items</Filter>
    </ClInclude>
    <ClInclude Include="..\source\math\BoundingBox.h">
      <Filter>source\math</Filter>
    </ClInclude>
    <ClInclude Include="..\source\math\BoundingSphere.h">
      <Filter>source\math</Filter>
    </ClInclude>
    <ClInclude Include="..\source\math\MathUtil.h">
      <Filter>source\math</Filter>
    </ClInclude>
    <ClInclude Include="..\source\math\Periodics.h">
      <Filter>source\math</Filter>
    </ClInclude>
    <ClInclude Include="..\source\math\Plane3d.h">
      <Filter>source\math</Filter>
    </ClInclude>
    <ClInclude Include="..\source\math\PseudoRandom.h">
      <Filter>source\math</Filter>
    </ClInclude>
    <ClInclude Include="..\source\math\Rectangle2d.h">
      <Filter>source\math</Filter>
    </ClInclude>
    <ClInclude Include="..\source\math\RtsCam.h">
      <Filter>source\math</Filter>
    </ClInclude>
    <ClInclude Include="..\source\math\Simplex.h">
      <Filter>source\math</Filter>
    </ClInclude>
    <ClInclude Include="..\source\math\v2d.h">
      <Filter>source\math</Filter>
    </ClInclude>
    <ClInclude Include="..\source\math\v3d.h">
      <Filter>source\math</Filter>
    </ClInclude>
    <ClInclude Include="..\source\world\BiomeMap.h">
      <Filter>source\world</Filter>
    </ClInclude>
    <ClInclude Include="..\source\world\BlockTypeData.h">
      <Filter>source\world</Filter>
    </ClInclude>
    <ClInclude Include="..\source\world\CloudSim.h">
      <Filter>source\world</Filter>
    </ClInclude>
    <ClInclude Include="..\source\world\Galaxy.h">
      <Filter>source\world</Filter>
    </ClInclude>
    <ClInclude Include="..\source\world\GalaxyMap.h">
      <Filter>source\world</Filter>
    </ClInclude>
    <ClInclude Include="..\source\world\InactiveColumnManager.h">
      <Filter>source\world</Filter>
    </ClInclude>
    <ClInclude Include="..\source\world\LightManager.h">
      <Filter>source\world</Filter>
    </ClInclude>
    <ClInclude Include="..\source\world\LightSource.h">
      <Filter>source\world</Filter>
    </ClInclude>
    <ClInclude Include="..\source\world\Location.h">
      <Filter>source\world</Filter>
    </ClInclude>
    <ClInclude Include="..\source\world\OrbitSky.h">
      <Filter>source\world</Filter>
    </ClInclude>
    <ClInclude Include="..\source\world\OverdrawManager.h">
      <Filter>source\world</Filter>
    </ClInclude>
    <ClInclude Include="..\source\world\Planet.h">
      <Filter>source\world</Filter>
    </ClInclude>
    <ClInclude Include="..\source\world\PlanetMap.h">
      <Filter>source\world</Filter>
    </ClInclude>
    <ClInclude Include="..\source\world\RogueViewer.h">
      <Filter>source\world</Filter>
    </ClInclude>
    <ClInclude Include="..\source\world\SkySim.h">
      <Filter>source\world</Filter>
    </ClInclude>
    <ClInclude Include="..\source\world\StarShip.h">
      <Filter>source\world</Filter>
    </ClInclude>
    <ClInclude Include="..\source\world\StarSystem.h">
      <Filter>source\world</Filter>
    </ClInclude>
    <ClInclude Include="..\source\world\Terrain.h">
      <Filter>source\world</Filter>
    </ClInclude>
    <ClInclude Include="..\source\world\World.h">
      <Filter>source\world</Filter>
    </ClInclude>
    <ClInclude Include="..\source\world\WorldChunk.h">
      <Filter>source\world</Filter>
    </ClInclude>
    <ClInclude Include="..\source\world\WorldColumn.h">
      <Filter>source\world</Filter>
    </ClInclude>
    <ClInclude Include="..\source\world\WorldLight.h">
      <Filter>source\world</Filter>
    </ClInclude>
    <ClInclude Include="..\source\world\WorldLighting.h">
      <Filter>source\world</Filter>
    </ClInclude>
    <ClInclude Include="..\source\world\WorldMap.h">
      <Filter>source\world</Filter>
    </ClInclude>
    <ClInclude Include="..\source\world\WorldMapView.h">
      <Filter>source\world</Filter>
    </ClInclude>
    <ClInclude Include="..\source\world\WorldUtil.h">
      <Filter>source\world</Filter>
    </ClInclude>
    <ClInclude Include="..\source\vendor\GL\freeglut.h">
      <Filter>source\vendor\GL</Filter>
    </ClInclude>
    <ClInclude Include="..\source\vendor\GL\freeglut_ext.h">
      <Filter>source\vendor\GL</Filter>
    </ClInclude>
    <ClInclude Include="..\source\vendor\GL\freeglut_std.h">
      <Filter>source\vendor\GL</Filter>
    </ClInclude>
    <ClInclude Include="..\source\vendor\GL\GLAux.h">
      <Filter>source\vendor\GL</Filter>
    </ClInclude>
    <ClInclude Include="..\source\vendor\GL\glut.h">
      <Filter>source\vendor\GL</Filter>
    </ClInclude>
    <ClInclude Include="..\source\player\HeadBobble.h">
      <Filter>source\player</Filter>
    </ClInclude>
    <ClInclude Include="..\source\player\Player.h">
      <Filter>source\player</Filter>
    </ClInclude>
    <ClInclude Include="..\source\player\PlayerView.h">
      <Filter>source\player</Filter>
    </ClInclude>
    <ClInclude Include="..\source\physics\InactiveList.h">
      <Filter>source\physics</Filter>
    </ClInclude>
    <ClInclude Include="..\source\physics\Physics.h">
      <Filter>source\physics</Filter>
    </ClInclude>
    <ClInclude Include="..\source\physics\PhysicsView.h">
      <Filter>source\physics</Filter>
    </ClInclude>
    <ClInclude Include="..\source\game\Constants.h">
      <Filter>source\game</Filter>
    </ClInclude>
    <ClInclude Include="..\source\game\FileSystem.h">
      <Filter>source\game</Filter>
    </ClInclude>
    <ClInclude Include="..\source\game\Game.h">
      <Filter>source\game</Filter>
    </ClInclude>
    <ClInclude Include="..\source\game\GameInput.h">
      <Filter>source\game</Filter>
    </ClInclude>
    <ClInclude Include="..\source\game\GameMenu.h">
      <Filter>source\game</Filter>
    </ClInclude>
    <ClInclude Include="..\source\game\GameModel.h">
      <Filter>source\game</Filter>
    </ClInclude>
    <ClInclude Include="..\source\game\GameWindow.h">
      <Filter>source\game</Filter>
    </ClInclude>
    <ClInclude Include="..\source\game\LoadScreen.h">
      <Filter>source\game</Filter>
    </ClInclude>
    <ClInclude Include="..\source\game\Longshot.h">
      <Filter>source\game</Filter>
    </ClInclude>
    <ClInclude Include="..\source\math\GlCamera.h">
      <Filter>source\math</Filter>
    </ClInclude>
    <ClInclude Include="..\source\game\MessageBus.h">
      <Filter>source\game</Filter>
    </ClInclude>
    <ClInclude Include="..\source\player\PlayerController.h">
      <Filter>source\player</Filter>
    </ClInclude>
    <ClInclude Include="..\source\player\HudView.h">
      <Filter>source\player</Filter>
    </ClInclude>
    <ClInclude Include="..\source\player\CharacterSheetView.h">
      <Filter>source\player</Filter>
    </ClInclude>
    <ClInclude Include="..\source\game\GameView.h">
      <Filter>source\game</Filter>
    </ClInclude>
    <ClInclude Include="..\source\items\ItemContainer.h">
      <Filter>source\items</Filter>
    </ClInclude>
  </ItemGroup>
</Project>